
Microsoft Visual Studio Solution File, Format Version 12.00
# Visual Studio 2013
VisualStudioVersion = 12.0.21005.1
MinimumVisualStudioVersion = 10.0.40219.1
Project("{FAE04EC0-301F-11D3-BF4B-00C04F79EFBC}") = "StackOverflow.Rx.Linq", "StackOverflow.Rx.Linq\StackOverflow.Rx.Linq.csproj", "{C4E6B39D-4BD0-4484-BABB-9DA13447D665}"
EndProject
Project("{FAE04EC0-301F-11D3-BF4B-00C04F79EFBC}") = "Tests.StackOverflow.Rx.Linq", "Tests.StackOverflow.Rx.Linq\Tests.StackOverflow.Rx.Linq.csproj", "{82A6A315-0CE6-48BF-90A0-2AAD783A300D}"
EndProject
Project("{2150E333-8FDC-42A3-9474-1A3956D46DE8}") = ".nuget", ".nuget", "{4FB59BE5-45AB-46E3-B27E-2A109438EFEF}"
	ProjectSection(SolutionItems) = preProject
		.nuget\NuGet.Config = .nuget\NuGet.Config
		.nuget\NuGet.exe = .nuget\NuGet.exe
		.nuget\NuGet.targets = .nuget\NuGet.targets
	EndProjectSection
EndProject
Global
	GlobalSection(SolutionConfigurationPlatforms) = preSolution
		Debug|Any CPU = Debug|Any CPU
		Release|Any CPU = Release|Any CPU
	EndGlobalSection
	GlobalSection(ProjectConfigurationPlatforms) = postSolution
		{C4E6B39D-4BD0-4484-BABB-9DA13447D665}.Debug|Any CPU.ActiveCfg = Debug|Any CPU
		{C4E6B39D-4BD0-4484-BABB-9DA13447D665}.Debug|Any CPU.Build.0 = Debug|Any CPU
		{C4E6B39D-4BD0-4484-BABB-9DA13447D665}.Release|Any CPU.ActiveCfg = Release|Any CPU
		{C4E6B39D-4BD0-4484-BABB-9DA13447D665}.Release|Any CPU.Build.0 = Release|Any CPU
		{82A6A315-0CE6-48BF-90A0-2AAD783A300D}.Debug|Any CPU.ActiveCfg = Debug|Any CPU
		{82A6A315-0CE6-48BF-90A0-2AAD783A300D}.Debug|Any CPU.Build.0 = Debug|Any CPU
		{82A6A315-0CE6-48BF-90A0-2AAD783A300D}.Release|Any CPU.ActiveCfg = Release|Any CPU
		{82A6A315-0CE6-48BF-90A0-2AAD783A300D}.Release|Any CPU.Build.0 = Release|Any CPU
	EndGlobalSection
	GlobalSection(SolutionProperties) = preSolution
		HideSolutionNode = FALSE
	EndGlobalSection
EndGlobal
